// !$*UTF8*$!
{
	archiveVersion = 1;
	classes = {
	};
	objectVersion = 56;
	objects = {

/* Begin PBXBuildFile section */
		187D21132A976E3100723BE9 /* CircleCISampleApp.swift in Sources */ = {isa = PBXBuildFile; fileRef = 187D21122A976E3100723BE9 /* CircleCISampleApp.swift */; };
		187D21152A976E3100723BE9 /* ContentView.swift in Sources */ = {isa = PBXBuildFile; fileRef = 187D21142A976E3100723BE9 /* ContentView.swift */; };
		187D21172A976E3200723BE9 /* Assets.xcassets in Resources */ = {isa = PBXBuildFile; fileRef = 187D21162A976E3200723BE9 /* Assets.xcassets */; };
		187D211B2A976E3200723BE9 /* Preview Assets.xcassets in Resources */ = {isa = PBXBuildFile; fileRef = 187D211A2A976E3200723BE9 /* Preview Assets.xcassets */; };
		187D21252A976E3200723BE9 /* CircleCISampleTests.swift in Sources */ = {isa = PBXBuildFile; fileRef = 187D21242A976E3200723BE9 /* CircleCISampleTests.swift */; };
		187D212F2A976E3200723BE9 /* CircleCISampleUITests.swift in Sources */ = {isa = PBXBuildFile; fileRef = 187D212E2A976E3200723BE9 /* CircleCISampleUITests.swift */; };
		187D21312A976E3200723BE9 /* CircleCISampleUITestsLaunchTests.swift in Sources */ = {isa = PBXBuildFile; fileRef = 187D21302A976E3200723BE9 /* CircleCISampleUITestsLaunchTests.swift */; };
/* End PBXBuildFile section */

/* Begin PBXContainerItemProxy section */
		187D21212A976E3200723BE9 /* PBXContainerItemProxy */ = {
			isa = PBXContainerItemProxy;
			containerPortal = 187D21072A976E3100723BE9 /* Project object */;
			proxyType = 1;
			remoteGlobalIDString = 187D210E2A976E3100723BE9;
			remoteInfo = CircleCISample;
		};
		187D212B2A976E3200723BE9 /* PBXContainerItemProxy */ = {
			isa = PBXContainerItemProxy;
			containerPortal = 187D21072A976E3100723BE9 /* Project object */;
			proxyType = 1;
			remoteGlobalIDString = 187D210E2A976E3100723BE9;
			remoteInfo = CircleCISample;
		};
/* End PBXContainerItemProxy section */

/* Begin PBXFileReference section */
		187D210F2A976E3100723BE9 /* CircleCISample.app */ = {isa = PBXFileReference; explicitFileType = wrapper.application; includeInIndex = 0; path = CircleCISample.app; sourceTree = BUILT_PRODUCTS_DIR; };
		187D21122A976E3100723BE9 /* CircleCISampleApp.swift */ = {isa = PBXFileReference; lastKnownFileType = sourcecode.swift; path = CircleCISampleApp.swift; sourceTree = "<group>"; };
		187D21142A976E3100723BE9 /* ContentView.swift */ = {isa = PBXFileReference; lastKnownFileType = sourcecode.swift; path = ContentView.swift; sourceTree = "<group>"; };
		187D21162A976E3200723BE9 /* Assets.xcassets */ = {isa = PBXFileReference; lastKnownFileType = folder.assetcatalog; path = Assets.xcassets; sourceTree = "<group>"; };
		187D21182A976E3200723BE9 /* CircleCISample.entitlements */ = {isa = PBXFileReference; lastKnownFileType = text.plist.entitlements; path = CircleCISample.entitlements; sourceTree = "<group>"; };
		187D211A2A976E3200723BE9 /* Preview Assets.xcassets */ = {isa = PBXFileReference; lastKnownFileType = folder.assetcatalog; path = "Preview Assets.xcassets"; sourceTree = "<group>"; };
		187D21202A976E3200723BE9 /* CircleCISampleTests.xctest */ = {isa = PBXFileReference; explicitFileType = wrapper.cfbundle; includeInIndex = 0; path = CircleCISampleTests.xctest; sourceTree = BUILT_PRODUCTS_DIR; };
		187D21242A976E3200723BE9 /* CircleCISampleTests.swift */ = {isa = PBXFileReference; lastKnownFileType = sourcecode.swift; path = CircleCISampleTests.swift; sourceTree = "<group>"; };
		187D212A2A976E3200723BE9 /* CircleCISampleUITests.xctest */ = {isa = PBXFileReference; explicitFileType = wrapper.cfbundle; includeInIndex = 0; path = CircleCISampleUITests.xctest; sourceTree = BUILT_PRODUCTS_DIR; };
		187D212E2A976E3200723BE9 /* CircleCISampleUITests.swift */ = {isa = PBXFileReference; lastKnownFileType = sourcecode.swift; path = CircleCISampleUITests.swift; sourceTree = "<group>"; };
		187D21302A976E3200723BE9 /* CircleCISampleUITestsLaunchTests.swift */ = {isa = PBXFileReference; lastKnownFileType = sourcecode.swift; path = CircleCISampleUITestsLaunchTests.swift; sourceTree = "<group>"; };
/* End PBXFileReference section */

/* Begin PBXFrameworksBuildPhase section */
		187D210C2A976E3100723BE9 /* Frameworks */ = {
			isa = PBXFrameworksBuildPhase;
			buildActionMask = 2147483647;
			files = (
			);
			runOnlyForDeploymentPostprocessing = 0;
		};
		187D211D2A976E3200723BE9 /* Frameworks */ = {
			isa = PBXFrameworksBuildPhase;
			buildActionMask = 2147483647;
			files = (
			);
			runOnlyForDeploymentPostprocessing = 0;
		};
		187D21272A976E3200723BE9 /* Frameworks */ = {
			isa = PBXFrameworksBuildPhase;
			buildActionMask = 2147483647;
			files = (
			);
			runOnlyForDeploymentPostprocessing = 0;
		};
/* End PBXFrameworksBuildPhase section */

/* Begin PBXGroup section */
		187D21062A976E3100723BE9 = {
			isa = PBXGroup;
			children = (
				187D21112A976E3100723BE9 /* CircleCISample */,
				187D21232A976E3200723BE9 /* CircleCISampleTests */,
				187D212D2A976E3200723BE9 /* CircleCISampleUITests */,
				187D21102A976E3100723BE9 /* Products */,
			);
			sourceTree = "<group>";
		};
		187D21102A976E3100723BE9 /* Products */ = {
			isa = PBXGroup;
			children = (
				187D210F2A976E3100723BE9 /* CircleCISample.app */,
				187D21202A976E3200723BE9 /* CircleCISampleTests.xctest */,
				187D212A2A976E3200723BE9 /* CircleCISampleUITests.xctest */,
			);
			name = Products;
			sourceTree = "<group>";
		};
		187D21112A976E3100723BE9 /* CircleCISample */ = {
			isa = PBXGroup;
			children = (
				187D21122A976E3100723BE9 /* CircleCISampleApp.swift */,
				187D21142A976E3100723BE9 /* ContentView.swift */,
				187D21162A976E3200723BE9 /* Assets.xcassets */,
				187D21182A976E3200723BE9 /* CircleCISample.entitlements */,
				187D21192A976E3200723BE9 /* Preview Content */,
			);
			path = CircleCISample;
			sourceTree = "<group>";
		};
		187D21192A976E3200723BE9 /* Preview Content */ = {
			isa = PBXGroup;
			children = (
				187D211A2A976E3200723BE9 /* Preview Assets.xcassets */,
			);
			path = "Preview Content";
			sourceTree = "<group>";
		};
		187D21232A976E3200723BE9 /* CircleCISampleTests */ = {
			isa = PBXGroup;
			children = (
				187D21242A976E3200723BE9 /* CircleCISampleTests.swift */,
			);
			path = CircleCISampleTests;
			sourceTree = "<group>";
		};
		187D212D2A976E3200723BE9 /* CircleCISampleUITests */ = {
			isa = PBXGroup;
			children = (
				187D212E2A976E3200723BE9 /* CircleCISampleUITests.swift */,
				187D21302A976E3200723BE9 /* CircleCISampleUITestsLaunchTests.swift */,
			);
			path = CircleCISampleUITests;
			sourceTree = "<group>";
		};
/* End PBXGroup section */

/* Begin PBXNativeTarget section */
		187D210E2A976E3100723BE9 /* CircleCISample */ = {
			isa = PBXNativeTarget;
			buildConfigurationList = 187D21342A976E3200723BE9 /* Build configuration list for PBXNativeTarget "CircleCISample" */;
			buildPhases = (
				187D210B2A976E3100723BE9 /* Sources */,
				187D210C2A976E3100723BE9 /* Frameworks */,
				187D210D2A976E3100723BE9 /* Resources */,
			);
			buildRules = (
			);
			dependencies = (
			);
			name = CircleCISample;
			productName = CircleCISample;
			productReference = 187D210F2A976E3100723BE9 /* CircleCISample.app */;
			productType = "com.apple.product-type.application";
		};
		187D211F2A976E3200723BE9 /* CircleCISampleTests */ = {
			isa = PBXNativeTarget;
			buildConfigurationList = 187D21372A976E3200723BE9 /* Build configuration list for PBXNativeTarget "CircleCISampleTests" */;
			buildPhases = (
				187D211C2A976E3200723BE9 /* Sources */,
				187D211D2A976E3200723BE9 /* Frameworks */,
				187D211E2A976E3200723BE9 /* Resources */,
			);
			buildRules = (
			);
			dependencies = (
				187D21222A976E3200723BE9 /* PBXTargetDependency */,
			);
			name = CircleCISampleTests;
			productName = CircleCISampleTests;
			productReference = 187D21202A976E3200723BE9 /* CircleCISampleTests.xctest */;
			productType = "com.apple.product-type.bundle.unit-test";
		};
		187D21292A976E3200723BE9 /* CircleCISampleUITests */ = {
			isa = PBXNativeTarget;
			buildConfigurationList = 187D213A2A976E3200723BE9 /* Build configuration list for PBXNativeTarget "CircleCISampleUITests" */;
			buildPhases = (
				187D21262A976E3200723BE9 /* Sources */,
				187D21272A976E3200723BE9 /* Frameworks */,
				187D21282A976E3200723BE9 /* Resources */,
			);
			buildRules = (
			);
			dependencies = (
				187D212C2A976E3200723BE9 /* PBXTargetDependency */,
			);
			name = CircleCISampleUITests;
			productName = CircleCISampleUITests;
			productReference = 187D212A2A976E3200723BE9 /* CircleCISampleUITests.xctest */;
			productType = "com.apple.product-type.bundle.ui-testing";
		};
/* End PBXNativeTarget section */

/* Begin PBXProject section */
		187D21072A976E3100723BE9 /* Project object */ = {
			isa = PBXProject;
			attributes = {
				BuildIndependentTargetsInParallel = 1;
				LastSwiftUpdateCheck = 1430;
				LastUpgradeCheck = 1430;
				TargetAttributes = {
					187D210E2A976E3100723BE9 = {
						CreatedOnToolsVersion = 14.3.1;
					};
					187D211F2A976E3200723BE9 = {
						CreatedOnToolsVersion = 14.3.1;
						TestTargetID = 187D210E2A976E3100723BE9;
					};
					187D21292A976E3200723BE9 = {
						CreatedOnToolsVersion = 14.3.1;
						TestTargetID = 187D210E2A976E3100723BE9;
					};
				};
			};
			buildConfigurationList = 187D210A2A976E3100723BE9 /* Build configuration list for PBXProject "CircleCISample" */;
			compatibilityVersion = "Xcode 14.0";
			developmentRegion = en;
			hasScannedForEncodings = 0;
			knownRegions = (
				en,
				Base,
			);
			mainGroup = 187D21062A976E3100723BE9;
			productRefGroup = 187D21102A976E3100723BE9 /* Products */;
			projectDirPath = "";
			projectRoot = "";
			targets = (
				187D210E2A976E3100723BE9 /* CircleCISample */,
				187D211F2A976E3200723BE9 /* CircleCISampleTests */,
				187D21292A976E3200723BE9 /* CircleCISampleUITests */,
			);
		};
/* End PBXProject section */

/* Begin PBXResourcesBuildPhase section */
		187D210D2A976E3100723BE9 /* Resources */ = {
			isa = PBXResourcesBuildPhase;
			buildActionMask = 2147483647;
			files = (
				187D211B2A976E3200723BE9 /* Preview Assets.xcassets in Resources */,
				187D21172A976E3200723BE9 /* Assets.xcassets in Resources */,
			);
			runOnlyForDeploymentPostprocessing = 0;
		};
		187D211E2A976E3200723BE9 /* Resources */ = {
			isa = PBXResourcesBuildPhase;
			buildActionMask = 2147483647;
			files = (
			);
			runOnlyForDeploymentPostprocessing = 0;
		};
		187D21282A976E3200723BE9 /* Resources */ = {
			isa = PBXResourcesBuildPhase;
			buildActionMask = 2147483647;
			files = (
			);
			runOnlyForDeploymentPostprocessing = 0;
		};
/* End PBXResourcesBuildPhase section */

/* Begin PBXSourcesBuildPhase section */
		187D210B2A976E3100723BE9 /* Sources */ = {
			isa = PBXSourcesBuildPhase;
			buildActionMask = 2147483647;
			files = (
				187D21152A976E3100723BE9 /* ContentView.swift in Sources */,
				187D21132A976E3100723BE9 /* CircleCISampleApp.swift in Sources */,
			);
			runOnlyForDeploymentPostprocessing = 0;
		};
		187D211C2A976E3200723BE9 /* Sources */ = {
			isa = PBXSourcesBuildPhase;
			buildActionMask = 2147483647;
			files = (
				187D21252A976E3200723BE9 /* CircleCISampleTests.swift in Sources */,
			);
			runOnlyForDeploymentPostprocessing = 0;
		};
		187D21262A976E3200723BE9 /* Sources */ = {
			isa = PBXSourcesBuildPhase;
			buildActionMask = 2147483647;
			files = (
				187D21312A976E3200723BE9 /* CircleCISampleUITestsLaunchTests.swift in Sources */,
				187D212F2A976E3200723BE9 /* CircleCISampleUITests.swift in Sources */,
			);
			runOnlyForDeploymentPostprocessing = 0;
		};
/* End PBXSourcesBuildPhase section */

/* Begin PBXTargetDependency section */
		187D21222A976E3200723BE9 /* PBXTargetDependency */ = {
			isa = PBXTargetDependency;
			target = 187D210E2A976E3100723BE9 /* CircleCISample */;
			targetProxy = 187D21212A976E3200723BE9 /* PBXContainerItemProxy */;
		};
		187D212C2A976E3200723BE9 /* PBXTargetDependency */ = {
			isa = PBXTargetDependency;
			target = 187D210E2A976E3100723BE9 /* CircleCISample */;
			targetProxy = 187D212B2A976E3200723BE9 /* PBXContainerItemProxy */;
		};
/* End PBXTargetDependency section */

/* Begin XCBuildConfiguration section */
		187D21322A976E3200723BE9 /* Debug */ = {
			isa = XCBuildConfiguration;
			buildSettings = {
				ALWAYS_SEARCH_USER_PATHS = NO;
				CLANG_ANALYZER_NONNULL = YES;
				CLANG_ANALYZER_NUMBER_OBJECT_CONVERSION = YES_AGGRESSIVE;
				CLANG_CXX_LANGUAGE_STANDARD = "gnu++20";
				CLANG_ENABLE_MODULES = YES;
				CLANG_ENABLE_OBJC_ARC = YES;
				CLANG_ENABLE_OBJC_WEAK = YES;
				CLANG_WARN_BLOCK_CAPTURE_AUTORELEASING = YES;
				CLANG_WARN_BOOL_CONVERSION = YES;
				CLANG_WARN_COMMA = YES;
				CLANG_WARN_CONSTANT_CONVERSION = YES;
				CLANG_WARN_DEPRECATED_OBJC_IMPLEMENTATIONS = YES;
				CLANG_WARN_DIRECT_OBJC_ISA_USAGE = YES_ERROR;
				CLANG_WARN_DOCUMENTATION_COMMENTS = YES;
				CLANG_WARN_EMPTY_BODY = YES;
				CLANG_WARN_ENUM_CONVERSION = YES;
				CLANG_WARN_INFINITE_RECURSION = YES;
				CLANG_WARN_INT_CONVERSION = YES;
				CLANG_WARN_NON_LITERAL_NULL_CONVERSION = YES;
				CLANG_WARN_OBJC_IMPLICIT_RETAIN_SELF = YES;
				CLANG_WARN_OBJC_LITERAL_CONVERSION = YES;
				CLANG_WARN_OBJC_ROOT_CLASS = YES_ERROR;
				CLANG_WARN_QUOTED_INCLUDE_IN_FRAMEWORK_HEADER = YES;
				CLANG_WARN_RANGE_LOOP_ANALYSIS = YES;
				CLANG_WARN_STRICT_PROTOTYPES = YES;
				CLANG_WARN_SUSPICIOUS_MOVE = YES;
				CLANG_WARN_UNGUARDED_AVAILABILITY = YES_AGGRESSIVE;
				CLANG_WARN_UNREACHABLE_CODE = YES;
				CLANG_WARN__DUPLICATE_METHOD_MATCH = YES;
				CODE_SIGN_IDENTITY = "-";
				COPY_PHASE_STRIP = NO;
				DEBUG_INFORMATION_FORMAT = dwarf;
				ENABLE_STRICT_OBJC_MSGSEND = YES;
				ENABLE_TESTABILITY = YES;
				GCC_C_LANGUAGE_STANDARD = gnu11;
				GCC_DYNAMIC_NO_PIC = NO;
				GCC_NO_COMMON_BLOCKS = YES;
				GCC_OPTIMIZATION_LEVEL = 0;
				GCC_PREPROCESSOR_DEFINITIONS = (
					"DEBUG=1",
					"$(inherited)",
				);
				GCC_WARN_64_TO_32_BIT_CONVERSION = YES;
				GCC_WARN_ABOUT_RETURN_TYPE = YES_ERROR;
				GCC_WARN_UNDECLARED_SELECTOR = YES;
				GCC_WARN_UNINITIALIZED_AUTOS = YES_AGGRESSIVE;
				GCC_WARN_UNUSED_FUNCTION = YES;
				GCC_WARN_UNUSED_VARIABLE = YES;
				IPHONEOS_DEPLOYMENT_TARGET = 15.0;
				MACOSX_DEPLOYMENT_TARGET = 13.2;
				MTL_ENABLE_DEBUG_INFO = INCLUDE_SOURCE;
				MTL_FAST_MATH = YES;
				ONLY_ACTIVE_ARCH = YES;
				SWIFT_ACTIVE_COMPILATION_CONDITIONS = DEBUG;
				SWIFT_OPTIMIZATION_LEVEL = "-Onone";
			};
			name = Debug;
		};
		187D21332A976E3200723BE9 /* Release */ = {
			isa = XCBuildConfiguration;
			buildSettings = {
				ALWAYS_SEARCH_USER_PATHS = NO;
				CLANG_ANALYZER_NONNULL = YES;
				CLANG_ANALYZER_NUMBER_OBJECT_CONVERSION = YES_AGGRESSIVE;
				CLANG_CXX_LANGUAGE_STANDARD = "gnu++20";
				CLANG_ENABLE_MODULES = YES;
				CLANG_ENABLE_OBJC_ARC = YES;
				CLANG_ENABLE_OBJC_WEAK = YES;
				CLANG_WARN_BLOCK_CAPTURE_AUTORELEASING = YES;
				CLANG_WARN_BOOL_CONVERSION = YES;
				CLANG_WARN_COMMA = YES;
				CLANG_WARN_CONSTANT_CONVERSION = YES;
				CLANG_WARN_DEPRECATED_OBJC_IMPLEMENTATIONS = YES;
				CLANG_WARN_DIRECT_OBJC_ISA_USAGE = YES_ERROR;
				CLANG_WARN_DOCUMENTATION_COMMENTS = YES;
				CLANG_WARN_EMPTY_BODY = YES;
				CLANG_WARN_ENUM_CONVERSION = YES;
				CLANG_WARN_INFINITE_RECURSION = YES;
				CLANG_WARN_INT_CONVERSION = YES;
				CLANG_WARN_NON_LITERAL_NULL_CONVERSION = YES;
				CLANG_WARN_OBJC_IMPLICIT_RETAIN_SELF = YES;
				CLANG_WARN_OBJC_LITERAL_CONVERSION = YES;
				CLANG_WARN_OBJC_ROOT_CLASS = YES_ERROR;
				CLANG_WARN_QUOTED_INCLUDE_IN_FRAMEWORK_HEADER = YES;
				CLANG_WARN_RANGE_LOOP_ANALYSIS = YES;
				CLANG_WARN_STRICT_PROTOTYPES = YES;
				CLANG_WARN_SUSPICIOUS_MOVE = YES;
				CLANG_WARN_UNGUARDED_AVAILABILITY = YES_AGGRESSIVE;
				CLANG_WARN_UNREACHABLE_CODE = YES;
				CLANG_WARN__DUPLICATE_METHOD_MATCH = YES;
				CODE_SIGN_IDENTITY = "-";
				COPY_PHASE_STRIP = NO;
				DEBUG_INFORMATION_FORMAT = "dwarf-with-dsym";
				ENABLE_NS_ASSERTIONS = NO;
				ENABLE_STRICT_OBJC_MSGSEND = YES;
				GCC_C_LANGUAGE_STANDARD = gnu11;
				GCC_NO_COMMON_BLOCKS = YES;
				GCC_WARN_64_TO_32_BIT_CONVERSION = YES;
				GCC_WARN_ABOUT_RETURN_TYPE = YES_ERROR;
				GCC_WARN_UNDECLARED_SELECTOR = YES;
				GCC_WARN_UNINITIALIZED_AUTOS = YES_AGGRESSIVE;
				GCC_WARN_UNUSED_FUNCTION = YES;
				GCC_WARN_UNUSED_VARIABLE = YES;
				IPHONEOS_DEPLOYMENT_TARGET = 15.0;
				MACOSX_DEPLOYMENT_TARGET = 13.2;
				MTL_ENABLE_DEBUG_INFO = NO;
				MTL_FAST_MATH = YES;
				SWIFT_COMPILATION_MODE = wholemodule;
				SWIFT_OPTIMIZATION_LEVEL = "-O";
			};
			name = Release;
		};
		187D21352A976E3200723BE9 /* Debug */ = {
			isa = XCBuildConfiguration;
			buildSettings = {
				ASSETCATALOG_COMPILER_APPICON_NAME = AppIcon;
				ASSETCATALOG_COMPILER_GLOBAL_ACCENT_COLOR_NAME = AccentColor;
				CODE_SIGN_ENTITLEMENTS = CircleCISample/CircleCISample.entitlements;
				CODE_SIGN_IDENTITY = "-";
				"CODE_SIGN_IDENTITY[sdk=iphoneos*]" = "Apple Development";
				CODE_SIGN_STYLE = Automatic;
				CURRENT_PROJECT_VERSION = 1;
				DEVELOPMENT_ASSET_PATHS = "\"CircleCISample/Preview Content\"";
				DEVELOPMENT_TEAM = 93FK67534U;
				ENABLE_HARDENED_RUNTIME = YES;
				ENABLE_PREVIEWS = YES;
				GENERATE_INFOPLIST_FILE = YES;
				"INFOPLIST_KEY_UIApplicationSceneManifest_Generation[sdk=iphoneos*]" = YES;
				"INFOPLIST_KEY_UIApplicationSceneManifest_Generation[sdk=iphonesimulator*]" = YES;
				"INFOPLIST_KEY_UIApplicationSupportsIndirectInputEvents[sdk=iphoneos*]" = YES;
				"INFOPLIST_KEY_UIApplicationSupportsIndirectInputEvents[sdk=iphonesimulator*]" = YES;
				"INFOPLIST_KEY_UILaunchScreen_Generation[sdk=iphoneos*]" = YES;
				"INFOPLIST_KEY_UILaunchScreen_Generation[sdk=iphonesimulator*]" = YES;
				"INFOPLIST_KEY_UIStatusBarStyle[sdk=iphoneos*]" = UIStatusBarStyleDefault;
				"INFOPLIST_KEY_UIStatusBarStyle[sdk=iphonesimulator*]" = UIStatusBarStyleDefault;
				INFOPLIST_KEY_UISupportedInterfaceOrientations_iPad = "UIInterfaceOrientationPortrait UIInterfaceOrientationPortraitUpsideDown UIInterfaceOrientationLandscapeLeft UIInterfaceOrientationLandscapeRight";
				INFOPLIST_KEY_UISupportedInterfaceOrientations_iPhone = "UIInterfaceOrientationPortrait UIInterfaceOrientationLandscapeLeft UIInterfaceOrientationLandscapeRight";
				IPHONEOS_DEPLOYMENT_TARGET = 15.0;
				LD_RUNPATH_SEARCH_PATHS = "@executable_path/Frameworks";
				"LD_RUNPATH_SEARCH_PATHS[sdk=macosx*]" = "@executable_path/../Frameworks";
				MACOSX_DEPLOYMENT_TARGET = 13.2;
				MARKETING_VERSION = 1.0;
				PRODUCT_BUNDLE_IDENTIFIER = com.FZ.CircleCISample;
				PRODUCT_NAME = "$(TARGET_NAME)";
				SDKROOT = auto;
				SUPPORTED_PLATFORMS = "iphoneos iphonesimulator macosx";
				SWIFT_EMIT_LOC_STRINGS = YES;
				SWIFT_VERSION = 5.0;
				TARGETED_DEVICE_FAMILY = "1,2";
			};
			name = Debug;
		};
		187D21362A976E3200723BE9 /* Release */ = {
			isa = XCBuildConfiguration;
			buildSettings = {
				ASSETCATALOG_COMPILER_APPICON_NAME = AppIcon;
				ASSETCATALOG_COMPILER_GLOBAL_ACCENT_COLOR_NAME = AccentColor;
				CODE_SIGN_ENTITLEMENTS = CircleCISample/CircleCISample.entitlements;
				CODE_SIGN_IDENTITY = "-";
				"CODE_SIGN_IDENTITY[sdk=iphoneos*]" = "Apple Development";
				CODE_SIGN_STYLE = Automatic;
				CURRENT_PROJECT_VERSION = 1;
				DEVELOPMENT_ASSET_PATHS = "\"CircleCISample/Preview Content\"";
				DEVELOPMENT_TEAM = 93FK67534U;
				ENABLE_HARDENED_RUNTIME = YES;
				ENABLE_PREVIEWS = YES;
				GENERATE_INFOPLIST_FILE = YES;
				"INFOPLIST_KEY_UIApplicationSceneManifest_Generation[sdk=iphoneos*]" = YES;
				"INFOPLIST_KEY_UIApplicationSceneManifest_Generation[sdk=iphonesimulator*]" = YES;
				"INFOPLIST_KEY_UIApplicationSupportsIndirectInputEvents[sdk=iphoneos*]" = YES;
				"INFOPLIST_KEY_UIApplicationSupportsIndirectInputEvents[sdk=iphonesimulator*]" = YES;
				"INFOPLIST_KEY_UILaunchScreen_Generation[sdk=iphoneos*]" = YES;
				"INFOPLIST_KEY_UILaunchScreen_Generation[sdk=iphonesimulator*]" = YES;
				"INFOPLIST_KEY_UIStatusBarStyle[sdk=iphoneos*]" = UIStatusBarStyleDefault;
				"INFOPLIST_KEY_UIStatusBarStyle[sdk=iphonesimulator*]" = UIStatusBarStyleDefault;
				INFOPLIST_KEY_UISupportedInterfaceOrientations_iPad = "UIInterfaceOrientationPortrait UIInterfaceOrientationPortraitUpsideDown UIInterfaceOrientationLandscapeLeft UIInterfaceOrientationLandscapeRight";
				INFOPLIST_KEY_UISupportedInterfaceOrientations_iPhone = "UIInterfaceOrientationPortrait UIInterfaceOrientationLandscapeLeft UIInterfaceOrientationLandscapeRight";
				IPHONEOS_DEPLOYMENT_TARGET = 15.0;
				LD_RUNPATH_SEARCH_PATHS = "@executable_path/Frameworks";
				"LD_RUNPATH_SEARCH_PATHS[sdk=macosx*]" = "@executable_path/../Frameworks";
				MACOSX_DEPLOYMENT_TARGET = 13.2;
				MARKETING_VERSION = 1.0;
				PRODUCT_BUNDLE_IDENTIFIER = com.FZ.CircleCISample;
				PRODUCT_NAME = "$(TARGET_NAME)";
				SDKROOT = auto;
				SUPPORTED_PLATFORMS = "iphoneos iphonesimulator macosx";
				SWIFT_EMIT_LOC_STRINGS = YES;
				SWIFT_VERSION = 5.0;
				TARGETED_DEVICE_FAMILY = "1,2";
			};
			name = Release;
		};
		187D21382A976E3200723BE9 /* Debug */ = {
			isa = XCBuildConfiguration;
			buildSettings = {
				ALWAYS_EMBED_SWIFT_STANDARD_LIBRARIES = YES;
				BUNDLE_LOADER = "$(TEST_HOST)";
				CODE_SIGN_STYLE = Automatic;
				CURRENT_PROJECT_VERSION = 1;
				DEVELOPMENT_TEAM = 93FK67534U;
				GENERATE_INFOPLIST_FILE = YES;
				IPHONEOS_DEPLOYMENT_TARGET = 15.0;
				MACOSX_DEPLOYMENT_TARGET = 13.2;
				MARKETING_VERSION = 1.0;
				PRODUCT_BUNDLE_IDENTIFIER = com.FZ.CircleCISampleTests;
				PRODUCT_NAME = "$(TARGET_NAME)";
				SDKROOT = auto;
				SUPPORTED_PLATFORMS = "iphoneos iphonesimulator macosx";
				SWIFT_EMIT_LOC_STRINGS = NO;
				SWIFT_VERSION = 5.0;
				TARGETED_DEVICE_FAMILY = "1,2";
				TEST_HOST = "$(BUILT_PRODUCTS_DIR)/CircleCISample.app/$(BUNDLE_EXECUTABLE_FOLDER_PATH)/CircleCISample";
			};
			name = Debug;
		};
		187D21392A976E3200723BE9 /* Release */ = {
			isa = XCBuildConfiguration;
			buildSettings = {
				ALWAYS_EMBED_SWIFT_STANDARD_LIBRARIES = YES;
				BUNDLE_LOADER = "$(TEST_HOST)";
				CODE_SIGN_STYLE = Automatic;
				CURRENT_PROJECT_VERSION = 1;
				DEVELOPMENT_TEAM = 93FK67534U;
				GENERATE_INFOPLIST_FILE = YES;
				IPHONEOS_DEPLOYMENT_TARGET = 15.0;
				MACOSX_DEPLOYMENT_TARGET = 13.2;
				MARKETING_VERSION = 1.0;
				PRODUCT_BUNDLE_IDENTIFIER = com.FZ.CircleCISampleTests;
				PRODUCT_NAME = "$(TARGET_NAME)";
				SDKROOT = auto;
				SUPPORTED_PLATFORMS = "iphoneos iphonesimulator macosx";
				SWIFT_EMIT_LOC_STRINGS = NO;
				SWIFT_VERSION = 5.0;
				TARGETED_DEVICE_FAMILY = "1,2";
				TEST_HOST = "$(BUILT_PRODUCTS_DIR)/CircleCISample.app/$(BUNDLE_EXECUTABLE_FOLDER_PATH)/CircleCISample";
			};
			name = Release;
		};
		187D213B2A976E3200723BE9 /* Debug */ = {
			isa = XCBuildConfiguration;
			buildSettings = {
				ALWAYS_EMBED_SWIFT_STANDARD_LIBRARIES = YES;
				"CODE_SIGN_IDENTITY[sdk=iphoneos*]" = "Apple Development";
				CODE_SIGN_STYLE = Automatic;
				CURRENT_PROJECT_VERSION = 1;
				DEVELOPMENT_TEAM = 93FK67534U;
				GENERATE_INFOPLIST_FILE = YES;
				IPHONEOS_DEPLOYMENT_TARGET = 15.0;
				MACOSX_DEPLOYMENT_TARGET = 13.0;
				MARKETING_VERSION = 1.0;
				PRODUCT_BUNDLE_IDENTIFIER = com.FZ.CircleCISampleUITests;
				PRODUCT_NAME = "$(TARGET_NAME)";
				SDKROOT = auto;
				SUPPORTED_PLATFORMS = "iphoneos iphonesimulator macosx";
				SWIFT_EMIT_LOC_STRINGS = NO;
				SWIFT_VERSION = 5.0;
				TARGETED_DEVICE_FAMILY = "1,2";
				TEST_TARGET_NAME = CircleCISample;
			};
			name = Debug;
		};
		187D213C2A976E3200723BE9 /* Release */ = {
			isa = XCBuildConfiguration;
			buildSettings = {
				ALWAYS_EMBED_SWIFT_STANDARD_LIBRARIES = YES;
				"CODE_SIGN_IDENTITY[sdk=iphoneos*]" = "Apple Development";
				CODE_SIGN_STYLE = Automatic;
				CURRENT_PROJECT_VERSION = 1;
				DEVELOPMENT_TEAM = 93FK67534U;
				GENERATE_INFOPLIST_FILE = YES;
				IPHONEOS_DEPLOYMENT_TARGET = 15.0;
				MACOSX_DEPLOYMENT_TARGET = 13.0;
				MARKETING_VERSION = 1.0;
				PRODUCT_BUNDLE_IDENTIFIER = com.FZ.CircleCISampleUITests;
				PRODUCT_NAME = "$(TARGET_NAME)";
				SDKROOT = auto;
				SUPPORTED_PLATFORMS = "iphoneos iphonesimulator macosx";
				SWIFT_EMIT_LOC_STRINGS = NO;
				SWIFT_VERSION = 5.0;
				TARGETED_DEVICE_FAMILY = "1,2";
				TEST_TARGET_NAME = CircleCISample;
			};
			name = Release;
		};
/* End XCBuildConfiguration section */

/* Begin XCConfigurationList section */
		187D210A2A976E3100723BE9 /* Build configuration list for PBXProject "CircleCISample" */ = {
			isa = XCConfigurationList;
			buildConfigurations = (
				187D21322A976E3200723BE9 /* Debug */,
				187D21332A976E3200723BE9 /* Release */,
			);
			defaultConfigurationIsVisible = 0;
			defaultConfigurationName = Release;
		};
		187D21342A976E3200723BE9 /* Build configuration list for PBXNativeTarget "CircleCISample" */ = {
			isa = XCConfigurationList;
			buildConfigurations = (
				187D21352A976E3200723BE9 /* Debug */,
				187D21362A976E3200723BE9 /* Release */,
			);
			defaultConfigurationIsVisible = 0;
			defaultConfigurationName = Release;
		};
		187D21372A976E3200723BE9 /* Build configuration list for PBXNativeTarget "CircleCISampleTests" */ = {
			isa = XCConfigurationList;
			buildConfigurations = (
				187D21382A976E3200723BE9 /* Debug */,
				187D21392A976E3200723BE9 /* Release */,
			);
			defaultConfigurationIsVisible = 0;
			defaultConfigurationName = Release;
		};
		187D213A2A976E3200723BE9 /* Build configuration list for PBXNativeTarget "CircleCISampleUITests" */ = {
			isa = XCConfigurationList;
			buildConfigurations = (
				187D213B2A976E3200723BE9 /* Debug */,
				187D213C2A976E3200723BE9 /* Release */,
			);
			defaultConfigurationIsVisible = 0;
			defaultConfigurationName = Release;
		};
/* End XCConfigurationList section */
	};
	rootObject = 187D21072A976E3100723BE9 /* Project object */;
}
